
Microsoft Visual Studio Solution File, Format Version 12.00
# Visual Studio 15
VisualStudioVersion = 15.0.27703.2042
MinimumVisualStudioVersion = 10.0.40219.1
Project("{FAE04EC0-301F-11D3-BF4B-00C04F79EFBC}") = "Homework08", "Homework08\Homework08.csproj", "{B729971E-968C-4043-82AA-BF21A9B99767}"
EndProject
Global
	GlobalSection(SolutionConfigurationPlatforms) = preSolution
		Debug|Any CPU = Debug|Any CPU
		Release|Any CPU = Release|Any CPU
	EndGlobalSection
	GlobalSection(ProjectConfigurationPlatforms) = postSolution
		{B729971E-968C-4043-82AA-BF21A9B99767}.Debug|Any CPU.ActiveCfg = Debug|Any CPU
		{B729971E-968C-4043-82AA-BF21A9B99767}.Debug|Any CPU.Build.0 = Debug|Any CPU
		{B729971E-968C-4043-82AA-BF21A9B99767}.Release|Any CPU.ActiveCfg = Release|Any CPU
		{B729971E-968C-4043-82AA-BF21A9B99767}.Release|Any CPU.Build.0 = Release|Any CPU
	EndGlobalSection
	GlobalSection(SolutionProperties) = preSolution
		HideSolutionNode = FALSE
	EndGlobalSection
	GlobalSection(ExtensibilityGlobals) = postSolution
		SolutionGuid = {B3575413-32DE-47DB-B8F6-951431CE4FC9}
	EndGlobalSection
EndGlobal
