
Microsoft Visual Studio Solution File, Format Version 12.00
# Visual Studio 15
VisualStudioVersion = 15.0.28010.2050
MinimumVisualStudioVersion = 10.0.40219.1
Project("{FAE04EC0-301F-11D3-BF4B-00C04F79EFBC}") = "WcfServiceLibrary1", "WcfServiceLibrary1\WcfServiceLibrary1.csproj", "{27F549B2-1577-49F0-870C-177E8BAD27BA}"
EndProject
Global
	GlobalSection(SolutionConfigurationPlatforms) = preSolution
		Debug|Any CPU = Debug|Any CPU
		Release|Any CPU = Release|Any CPU
	EndGlobalSection
	GlobalSection(ProjectConfigurationPlatforms) = postSolution
		{27F549B2-1577-49F0-870C-177E8BAD27BA}.Debug|Any CPU.ActiveCfg = Debug|Any CPU
		{27F549B2-1577-49F0-870C-177E8BAD27BA}.Debug|Any CPU.Build.0 = Debug|Any CPU
		{27F549B2-1577-49F0-870C-177E8BAD27BA}.Release|Any CPU.ActiveCfg = Release|Any CPU
		{27F549B2-1577-49F0-870C-177E8BAD27BA}.Release|Any CPU.Build.0 = Release|Any CPU
	EndGlobalSection
	GlobalSection(SolutionProperties) = preSolution
		HideSolutionNode = FALSE
	EndGlobalSection
	GlobalSection(ExtensibilityGlobals) = postSolution
		SolutionGuid = {1EFF4E17-20C3-4323-8C0A-8C8C36EAEC6A}
	EndGlobalSection
EndGlobal
